
Microsoft Visual Studio Solution File, Format Version 12.00
# Visual Studio Version 17
VisualStudioVersion = 17.13.35931.197 d17.13
MinimumVisualStudioVersion = 10.0.40219.1
Project("{FAE04EC0-301F-11D3-BF4B-00C04F79EFBC}") = "EggPriceChart", "EggPriceChart\EggPriceChart.csproj", "{02593824-16EC-42BB-BD34-2EFEC89E3492}"
EndProject
Global
	GlobalSection(SolutionConfigurationPlatforms) = preSolution
		Debug|Any CPU = Debug|Any CPU
		Release|Any CPU = Release|Any CPU
	EndGlobalSection
	GlobalSection(ProjectConfigurationPlatforms) = postSolution
		{02593824-16EC-42BB-BD34-2EFEC89E3492}.Debug|Any CPU.ActiveCfg = Debug|Any CPU
		{02593824-16EC-42BB-BD34-2EFEC89E3492}.Debug|Any CPU.Build.0 = Debug|Any CPU
		{02593824-16EC-42BB-BD34-2EFEC89E3492}.Release|Any CPU.ActiveCfg = Release|Any CPU
		{02593824-16EC-42BB-BD34-2EFEC89E3492}.Release|Any CPU.Build.0 = Release|Any CPU
	EndGlobalSection
	GlobalSection(SolutionProperties) = preSolution
		HideSolutionNode = FALSE
	EndGlobalSection
	GlobalSection(ExtensibilityGlobals) = postSolution
		SolutionGuid = {41994C97-FB22-43F0-8CA6-A84940084903}
	EndGlobalSection
EndGlobal
